// !$*UTF8*$!
{
	archiveVersion = 1;
	classes = {
	};
	objectVersion = 46;
	objects = {

/* Begin PBXBuildFile section */
		1F0E469F1A951D430074E77D /* libz.dylib in Frameworks */ = {isa = PBXBuildFile; fileRef = 1F0E469E1A951D430074E77D /* libz.dylib */; };
		1F0E46A11A951DB40074E77D /* libBRF_NXT_CPP_IOS_STATIC_LIBRARY.a in Frameworks */ = {isa = PBXBuildFile; fileRef = 1F0E46A01A951DB40074E77D /* libBRF_NXT_CPP_IOS_STATIC_LIBRARY.a */; };
		1F0E46A51A95211E0074E77D /* com in Resources */ = {isa = PBXBuildFile; fileRef = 1F0E46A41A95211E0074E77D /* com */; };
		1F0E46A81A95CB5A0074E77D /* include in Resources */ = {isa = PBXBuildFile; fileRef = 1F0E46A71A95CB5A0074E77D /* include */; };
		1F572ADB1A96158300E5F928 /* docs in Resources */ = {isa = PBXBuildFile; fileRef = 1F572AD71A96158300E5F928 /* docs */; };
		1F572ADC1A96158300E5F928 /* readme.txt in Resources */ = {isa = PBXBuildFile; fileRef = 1F572AD81A96158300E5F928 /* readme.txt */; };
		1F572ADD1A96158300E5F928 /* eula.txt in Resources */ = {isa = PBXBuildFile; fileRef = 1F572AD91A96158300E5F928 /* eula.txt */; };
		1F572ADE1A96158300E5F928 /* FaceShape_points.jpg in Resources */ = {isa = PBXBuildFile; fileRef = 1F572ADA1A96158300E5F928 /* FaceShape_points.jpg */; };
		1F572AE01A962B1400E5F928 /* brf_next_logo_READY.png in Resources */ = {isa = PBXBuildFile; fileRef = 1F572ADF1A962B1400E5F928 /* brf_next_logo_READY.png */; };
		1F572AE21A962C2200E5F928 /* Images.xcassets in Resources */ = {isa = PBXBuildFile; fileRef = 1F572AE11A962C2200E5F928 /* Images.xcassets */; };
		1F6515561A2F70F100C27336 /* CFNetwork.framework in Frameworks */ = {isa = PBXBuildFile; fileRef = 1F6515551A2F70F100C27336 /* CFNetwork.framework */; };
		1F6D6F8A1A2B504C002C80A9 /* main.m in Sources */ = {isa = PBXBuildFile; fileRef = 1F6D6F891A2B504C002C80A9 /* main.m */; };
		1F6D6F8D1A2B504C002C80A9 /* AppDelegate.m in Sources */ = {isa = PBXBuildFile; fileRef = 1F6D6F8C1A2B504C002C80A9 /* AppDelegate.m */; };
		1F6D6F901A2B504C002C80A9 /* ViewController.mm in Sources */ = {isa = PBXBuildFile; fileRef = 1F6D6F8F1A2B504C002C80A9 /* ViewController.mm */; };
		1F6D6F931A2B504C002C80A9 /* Main.storyboard in Resources */ = {isa = PBXBuildFile; fileRef = 1F6D6F911A2B504C002C80A9 /* Main.storyboard */; };
		1FE7B19D1A2F3BA9005F0C31 /* Security.framework in Frameworks */ = {isa = PBXBuildFile; fileRef = 1FE7B19C1A2F3BA9005F0C31 /* Security.framework */; };
		1FF89E3D1A2DDCEA00052435 /* AVFoundation.framework in Frameworks */ = {isa = PBXBuildFile; fileRef = 1FF89E331A2DDCE900052435 /* AVFoundation.framework */; };
		1FF89E3E1A2DDCEA00052435 /* CoreGraphics.framework in Frameworks */ = {isa = PBXBuildFile; fileRef = 1FF89E341A2DDCE900052435 /* CoreGraphics.framework */; };
		1FF89E401A2DDCEA00052435 /* CoreMedia.framework in Frameworks */ = {isa = PBXBuildFile; fileRef = 1FF89E361A2DDCE900052435 /* CoreMedia.framework */; };
		1FF89E411A2DDCEA00052435 /* CoreVideo.framework in Frameworks */ = {isa = PBXBuildFile; fileRef = 1FF89E371A2DDCE900052435 /* CoreVideo.framework */; };
		1FF89E421A2DDCEA00052435 /* Foundation.framework in Frameworks */ = {isa = PBXBuildFile; fileRef = 1FF89E381A2DDCEA00052435 /* Foundation.framework */; };
		1FF89E441A2DDCEA00052435 /* UIKit.framework in Frameworks */ = {isa = PBXBuildFile; fileRef = 1FF89E3A1A2DDCEA00052435 /* UIKit.framework */; };
/* End PBXBuildFile section */

/* Begin PBXFileReference section */
		1F0E469E1A951D430074E77D /* libz.dylib */ = {isa = PBXFileReference; lastKnownFileType = "compiled.mach-o.dylib"; name = libz.dylib; path = usr/lib/libz.dylib; sourceTree = SDKROOT; };
		1F0E46A01A951DB40074E77D /* libBRF_NXT_CPP_IOS_STATIC_LIBRARY.a */ = {isa = PBXFileReference; lastKnownFileType = archive.ar; name = libBRF_NXT_CPP_IOS_STATIC_LIBRARY.a; path = BRF_NXT_CPP_IOS_EXAMPLES/libBRF_NXT_CPP_IOS_STATIC_LIBRARY.a; sourceTree = "<group>"; };
		1F0E46A41A95211E0074E77D /* com */ = {isa = PBXFileReference; lastKnownFileType = folder; path = com; sourceTree = "<group>"; };
		1F0E46A71A95CB5A0074E77D /* include */ = {isa = PBXFileReference; lastKnownFileType = folder; name = include; path = BRF_NXT_CPP_IOS_EXAMPLES/include; sourceTree = "<group>"; };
		1F572AD71A96158300E5F928 /* docs */ = {isa = PBXFileReference; lastKnownFileType = folder; path = docs; sourceTree = "<group>"; };
		1F572AD81A96158300E5F928 /* readme.txt */ = {isa = PBXFileReference; fileEncoding = 4; lastKnownFileType = text; path = readme.txt; sourceTree = "<group>"; };
		1F572AD91A96158300E5F928 /* eula.txt */ = {isa = PBXFileReference; fileEncoding = 4; lastKnownFileType = text; path = eula.txt; sourceTree = "<group>"; };
		1F572ADA1A96158300E5F928 /* FaceShape_points.jpg */ = {isa = PBXFileReference; lastKnownFileType = image.jpeg; path = FaceShape_points.jpg; sourceTree = "<group>"; };
		1F572ADF1A962B1400E5F928 /* brf_next_logo_READY.png */ = {isa = PBXFileReference; lastKnownFileType = image.png; path = brf_next_logo_READY.png; sourceTree = "<group>"; };
		1F572AE11A962C2200E5F928 /* Images.xcassets */ = {isa = PBXFileReference; lastKnownFileType = folder.assetcatalog; name = Images.xcassets; path = BRF_NXT_CPP_IOS_EXAMPLES/Images.xcassets; sourceTree = "<group>"; };
		1F6515551A2F70F100C27336 /* CFNetwork.framework */ = {isa = PBXFileReference; lastKnownFileType = wrapper.framework; name = CFNetwork.framework; path = System/Library/Frameworks/CFNetwork.framework; sourceTree = SDKROOT; };
		1F6D6F841A2B504C002C80A9 /* BRF_NXT_CPP_IOS_EXAMPLES.app */ = {isa = PBXFileReference; explicitFileType = wrapper.application; includeInIndex = 0; path = BRF_NXT_CPP_IOS_EXAMPLES.app; sourceTree = BUILT_PRODUCTS_DIR; };
		1F6D6F881A2B504C002C80A9 /* Info.plist */ = {isa = PBXFileReference; lastKnownFileType = text.plist.xml; path = Info.plist; sourceTree = "<group>"; };
		1F6D6F891A2B504C002C80A9 /* main.m */ = {isa = PBXFileReference; lastKnownFileType = sourcecode.c.objc; path = main.m; sourceTree = "<group>"; };
		1F6D6F8B1A2B504C002C80A9 /* AppDelegate.h */ = {isa = PBXFileReference; lastKnownFileType = sourcecode.c.h; path = AppDelegate.h; sourceTree = "<group>"; };
		1F6D6F8C1A2B504C002C80A9 /* AppDelegate.m */ = {isa = PBXFileReference; lastKnownFileType = sourcecode.c.objc; path = AppDelegate.m; sourceTree = "<group>"; };
		1F6D6F8E1A2B504C002C80A9 /* ViewController.h */ = {isa = PBXFileReference; lastKnownFileType = sourcecode.c.h; path = ViewController.h; sourceTree = "<group>"; };
		1F6D6F8F1A2B504C002C80A9 /* ViewController.mm */ = {isa = PBXFileReference; lastKnownFileType = sourcecode.cpp.objcpp; path = ViewController.mm; sourceTree = "<group>"; };
		1F6D6F921A2B504C002C80A9 /* Base */ = {isa = PBXFileReference; lastKnownFileType = file.storyboard; name = Base; path = Base.lproj/Main.storyboard; sourceTree = "<group>"; };
		1FE7B19C1A2F3BA9005F0C31 /* Security.framework */ = {isa = PBXFileReference; lastKnownFileType = wrapper.framework; name = Security.framework; path = System/Library/Frameworks/Security.framework; sourceTree = SDKROOT; };
		1FF89E331A2DDCE900052435 /* AVFoundation.framework */ = {isa = PBXFileReference; lastKnownFileType = wrapper.framework; name = AVFoundation.framework; path = System/Library/Frameworks/AVFoundation.framework; sourceTree = SDKROOT; };
		1FF89E341A2DDCE900052435 /* CoreGraphics.framework */ = {isa = PBXFileReference; lastKnownFileType = wrapper.framework; name = CoreGraphics.framework; path = System/Library/Frameworks/CoreGraphics.framework; sourceTree = SDKROOT; };
		1FF89E361A2DDCE900052435 /* CoreMedia.framework */ = {isa = PBXFileReference; lastKnownFileType = wrapper.framework; name = CoreMedia.framework; path = System/Library/Frameworks/CoreMedia.framework; sourceTree = SDKROOT; };
		1FF89E371A2DDCE900052435 /* CoreVideo.framework */ = {isa = PBXFileReference; lastKnownFileType = wrapper.framework; name = CoreVideo.framework; path = System/Library/Frameworks/CoreVideo.framework; sourceTree = SDKROOT; };
		1FF89E381A2DDCEA00052435 /* Foundation.framework */ = {isa = PBXFileReference; lastKnownFileType = wrapper.framework; name = Foundation.framework; path = System/Library/Frameworks/Foundation.framework; sourceTree = SDKROOT; };
		1FF89E3A1A2DDCEA00052435 /* UIKit.framework */ = {isa = PBXFileReference; lastKnownFileType = wrapper.framework; name = UIKit.framework; path = System/Library/Frameworks/UIKit.framework; sourceTree = SDKROOT; };
/* End PBXFileReference section */

/* Begin PBXFrameworksBuildPhase section */
		1F6D6F811A2B504C002C80A9 /* Frameworks */ = {
			isa = PBXFrameworksBuildPhase;
			buildActionMask = 2147483647;
			files = (
				1F0E46A11A951DB40074E77D /* libBRF_NXT_CPP_IOS_STATIC_LIBRARY.a in Frameworks */,
				1F0E469F1A951D430074E77D /* libz.dylib in Frameworks */,
				1F6515561A2F70F100C27336 /* CFNetwork.framework in Frameworks */,
				1FE7B19D1A2F3BA9005F0C31 /* Security.framework in Frameworks */,
				1FF89E3D1A2DDCEA00052435 /* AVFoundation.framework in Frameworks */,
				1FF89E3E1A2DDCEA00052435 /* CoreGraphics.framework in Frameworks */,
				1FF89E401A2DDCEA00052435 /* CoreMedia.framework in Frameworks */,
				1FF89E411A2DDCEA00052435 /* CoreVideo.framework in Frameworks */,
				1FF89E421A2DDCEA00052435 /* Foundation.framework in Frameworks */,
				1FF89E441A2DDCEA00052435 /* UIKit.framework in Frameworks */,
			);
			runOnlyForDeploymentPostprocessing = 0;
		};
/* End PBXFrameworksBuildPhase section */

/* Begin PBXGroup section */
		1F0E46A61A95CB3B0074E77D /* BRF */ = {
			isa = PBXGroup;
			children = (
				1F572ADF1A962B1400E5F928 /* brf_next_logo_READY.png */,
				1F0E46A71A95CB5A0074E77D /* include */,
				1F0E46A01A951DB40074E77D /* libBRF_NXT_CPP_IOS_STATIC_LIBRARY.a */,
			);
			name = BRF;
			sourceTree = "<group>";
		};
		1F6D6F7B1A2B504C002C80A9 = {
			isa = PBXGroup;
			children = (
				1F572AE11A962C2200E5F928 /* Images.xcassets */,
				1F0E46A61A95CB3B0074E77D /* BRF */,
				1F572AD71A96158300E5F928 /* docs */,
				1F572AD91A96158300E5F928 /* eula.txt */,
				1F572ADA1A96158300E5F928 /* FaceShape_points.jpg */,
				1FF89E2E1A2DC36B00052435 /* Frameworks */,
				1F6D6F851A2B504C002C80A9 /* Products */,
				1F572AD81A96158300E5F928 /* readme.txt */,
				1F6D6F861A2B504C002C80A9 /* src */,
			);
			sourceTree = "<group>";
		};
		1F6D6F851A2B504C002C80A9 /* Products */ = {
			isa = PBXGroup;
			children = (
				1F6D6F841A2B504C002C80A9 /* BRF_NXT_CPP_IOS_EXAMPLES.app */,
			);
			name = Products;
			sourceTree = "<group>";
		};
		1F6D6F861A2B504C002C80A9 /* src */ = {
			isa = PBXGroup;
			children = (
				1F0E46A41A95211E0074E77D /* com */,
				1F6D6F8B1A2B504C002C80A9 /* AppDelegate.h */,
				1F6D6F8C1A2B504C002C80A9 /* AppDelegate.m */,
				1F6D6F8E1A2B504C002C80A9 /* ViewController.h */,
				1F6D6F8F1A2B504C002C80A9 /* ViewController.mm */,
				1F6D6F911A2B504C002C80A9 /* Main.storyboard */,
				1F6D6F871A2B504C002C80A9 /* Supporting Files */,
			);
			name = src;
			path = BRF_NXT_CPP_IOS_EXAMPLES;
			sourceTree = "<group>";
		};
		1F6D6F871A2B504C002C80A9 /* Supporting Files */ = {
			isa = PBXGroup;
			children = (
				1F6D6F881A2B504C002C80A9 /* Info.plist */,
				1F6D6F891A2B504C002C80A9 /* main.m */,
			);
			name = "Supporting Files";
			sourceTree = "<group>";
		};
		1FF89E2E1A2DC36B00052435 /* Frameworks */ = {
			isa = PBXGroup;
			children = (
				1F0E469E1A951D430074E77D /* libz.dylib */,
				1FF89E331A2DDCE900052435 /* AVFoundation.framework */,
				1F6515551A2F70F100C27336 /* CFNetwork.framework */,
				1FF89E341A2DDCE900052435 /* CoreGraphics.framework */,
				1FF89E361A2DDCE900052435 /* CoreMedia.framework */,
				1FF89E371A2DDCE900052435 /* CoreVideo.framework */,
				1FF89E381A2DDCEA00052435 /* Foundation.framework */,
				1FE7B19C1A2F3BA9005F0C31 /* Security.framework */,
				1FF89E3A1A2DDCEA00052435 /* UIKit.framework */,
			);
			name = Frameworks;
			path = BRF_NXT_CPP_IOS_EXAMPLES;
			sourceTree = "<group>";
		};
/* End PBXGroup section */

/* Begin PBXNativeTarget section */
		1F6D6F831A2B504C002C80A9 /* BRF_NXT_CPP_IOS_EXAMPLES */ = {
			isa = PBXNativeTarget;
			buildConfigurationList = 1F6D6FA71A2B504D002C80A9 /* Build configuration list for PBXNativeTarget "BRF_NXT_CPP_IOS_EXAMPLES" */;
			buildPhases = (
				1F6D6F801A2B504C002C80A9 /* Sources */,
				1F6D6F811A2B504C002C80A9 /* Frameworks */,
				1F6D6F821A2B504C002C80A9 /* Resources */,
			);
			buildRules = (
			);
			dependencies = (
			);
			name = BRF_NXT_CPP_IOS_EXAMPLES;
			productName = BRF_NXT_CPP_IOS_EXAMPLES;
			productReference = 1F6D6F841A2B504C002C80A9 /* BRF_NXT_CPP_IOS_EXAMPLES.app */;
			productType = "com.apple.product-type.application";
		};
/* End PBXNativeTarget section */

/* Begin PBXProject section */
		1F6D6F7C1A2B504C002C80A9 /* Project object */ = {
			isa = PBXProject;
			attributes = {
				LastUpgradeCheck = 0610;
				ORGANIZATIONNAME = "Tastenkunst GmbH";
				TargetAttributes = {
					1F6D6F831A2B504C002C80A9 = {
						CreatedOnToolsVersion = 6.1;
						DevelopmentTeam = 7KMG8D77X6;
					};
				};
			};
			buildConfigurationList = 1F6D6F7F1A2B504C002C80A9 /* Build configuration list for PBXProject "BRF_NXT_CPP_IOS_EXAMPLES" */;
			compatibilityVersion = "Xcode 3.2";
			developmentRegion = English;
			hasScannedForEncodings = 0;
			knownRegions = (
				en,
				Base,
			);
			mainGroup = 1F6D6F7B1A2B504C002C80A9;
			productRefGroup = 1F6D6F851A2B504C002C80A9 /* Products */;
			projectDirPath = "";
			projectRoot = "";
			targets = (
				1F6D6F831A2B504C002C80A9 /* BRF_NXT_CPP_IOS_EXAMPLES */,
			);
		};
/* End PBXProject section */

/* Begin PBXResourcesBuildPhase section */
		1F6D6F821A2B504C002C80A9 /* Resources */ = {
			isa = PBXResourcesBuildPhase;
			buildActionMask = 2147483647;
			files = (
				1F572AE21A962C2200E5F928 /* Images.xcassets in Resources */,
				1F6D6F931A2B504C002C80A9 /* Main.storyboard in Resources */,
				1F572ADB1A96158300E5F928 /* docs in Resources */,
				1F0E46A81A95CB5A0074E77D /* include in Resources */,
				1F572ADE1A96158300E5F928 /* FaceShape_points.jpg in Resources */,
				1F572ADC1A96158300E5F928 /* readme.txt in Resources */,
				1F572ADD1A96158300E5F928 /* eula.txt in Resources */,
				1F572AE01A962B1400E5F928 /* brf_next_logo_READY.png in Resources */,
				1F0E46A51A95211E0074E77D /* com in Resources */,
			);
			runOnlyForDeploymentPostprocessing = 0;
		};
/* End PBXResourcesBuildPhase section */

/* Begin PBXSourcesBuildPhase section */
		1F6D6F801A2B504C002C80A9 /* Sources */ = {
			isa = PBXSourcesBuildPhase;
			buildActionMask = 2147483647;
			files = (
				1F6D6F901A2B504C002C80A9 /* ViewController.mm in Sources */,
				1F6D6F8D1A2B504C002C80A9 /* AppDelegate.m in Sources */,
				1F6D6F8A1A2B504C002C80A9 /* main.m in Sources */,
			);
			runOnlyForDeploymentPostprocessing = 0;
		};
/* End PBXSourcesBuildPhase section */

/* Begin PBXVariantGroup section */
		1F6D6F911A2B504C002C80A9 /* Main.storyboard */ = {
			isa = PBXVariantGroup;
			children = (
				1F6D6F921A2B504C002C80A9 /* Base */,
			);
			name = Main.storyboard;
			sourceTree = "<group>";
		};
/* End PBXVariantGroup section */

/* Begin XCBuildConfiguration section */
		1F6D6FA51A2B504D002C80A9 /* Debug */ = {
			isa = XCBuildConfiguration;
			buildSettings = {
				ALWAYS_SEARCH_USER_PATHS = NO;
				ARCHS = "$(ARCHS_STANDARD)";
				CLANG_CXX_LANGUAGE_STANDARD = "gnu++0x";
				CLANG_CXX_LIBRARY = "libc++";
				CLANG_ENABLE_MODULES = YES;
				CLANG_ENABLE_OBJC_ARC = YES;
				CLANG_WARN_BOOL_CONVERSION = YES;
				CLANG_WARN_CONSTANT_CONVERSION = YES;
				CLANG_WARN_DIRECT_OBJC_ISA_USAGE = YES_ERROR;
				CLANG_WARN_EMPTY_BODY = YES;
				CLANG_WARN_ENUM_CONVERSION = YES;
				CLANG_WARN_INT_CONVERSION = YES;
				CLANG_WARN_OBJC_ROOT_CLASS = YES_ERROR;
				CLANG_WARN_UNREACHABLE_CODE = YES;
				CLANG_WARN__DUPLICATE_METHOD_MATCH = YES;
				"CODE_SIGN_IDENTITY[sdk=iphoneos*]" = "iPhone Developer";
				COPY_PHASE_STRIP = NO;
				ENABLE_STRICT_OBJC_MSGSEND = YES;
				GCC_C_LANGUAGE_STANDARD = gnu99;
				GCC_DYNAMIC_NO_PIC = NO;
				GCC_OPTIMIZATION_LEVEL = 0;
				GCC_PREPROCESSOR_DEFINITIONS = (
					"DEBUG=1",
					"$(inherited)",
				);
				GCC_SYMBOLS_PRIVATE_EXTERN = NO;
				GCC_WARN_64_TO_32_BIT_CONVERSION = YES;
				GCC_WARN_ABOUT_RETURN_TYPE = YES_ERROR;
				GCC_WARN_UNDECLARED_SELECTOR = YES;
				GCC_WARN_UNINITIALIZED_AUTOS = YES_AGGRESSIVE;
				GCC_WARN_UNUSED_FUNCTION = YES;
				GCC_WARN_UNUSED_VARIABLE = YES;
				IPHONEOS_DEPLOYMENT_TARGET = 8.1;
				MTL_ENABLE_DEBUG_INFO = YES;
				ONLY_ACTIVE_ARCH = NO;
				SDKROOT = iphoneos;
				TARGETED_DEVICE_FAMILY = "1,2";
				VALID_ARCHS = "arm64 armv7s armv7";
			};
			name = Debug;
		};
		1F6D6FA61A2B504D002C80A9 /* Release */ = {
			isa = XCBuildConfiguration;
			buildSettings = {
				ALWAYS_SEARCH_USER_PATHS = NO;
				ARCHS = "$(ARCHS_STANDARD)";
				CLANG_CXX_LANGUAGE_STANDARD = "gnu++0x";
				CLANG_CXX_LIBRARY = "libc++";
				CLANG_ENABLE_MODULES = YES;
				CLANG_ENABLE_OBJC_ARC = YES;
				CLANG_WARN_BOOL_CONVERSION = YES;
				CLANG_WARN_CONSTANT_CONVERSION = YES;
				CLANG_WARN_DIRECT_OBJC_ISA_USAGE = YES_ERROR;
				CLANG_WARN_EMPTY_BODY = YES;
				CLANG_WARN_ENUM_CONVERSION = YES;
				CLANG_WARN_INT_CONVERSION = YES;
				CLANG_WARN_OBJC_ROOT_CLASS = YES_ERROR;
				CLANG_WARN_UNREACHABLE_CODE = YES;
				CLANG_WARN__DUPLICATE_METHOD_MATCH = YES;
				"CODE_SIGN_IDENTITY[sdk=iphoneos*]" = "iPhone Developer";
				COPY_PHASE_STRIP = YES;
				ENABLE_NS_ASSERTIONS = NO;
				ENABLE_STRICT_OBJC_MSGSEND = YES;
				GCC_C_LANGUAGE_STANDARD = gnu99;
				GCC_WARN_64_TO_32_BIT_CONVERSION = YES;
				GCC_WARN_ABOUT_RETURN_TYPE = YES_ERROR;
				GCC_WARN_UNDECLARED_SELECTOR = YES;
				GCC_WARN_UNINITIALIZED_AUTOS = YES_AGGRESSIVE;
				GCC_WARN_UNUSED_FUNCTION = YES;
				GCC_WARN_UNUSED_VARIABLE = YES;
				IPHONEOS_DEPLOYMENT_TARGET = 8.1;
				MTL_ENABLE_DEBUG_INFO = NO;
				ONLY_ACTIVE_ARCH = NO;
				SDKROOT = iphoneos;
				TARGETED_DEVICE_FAMILY = "1,2";
				VALIDATE_PRODUCT = YES;
				VALID_ARCHS = "arm64 armv7s armv7";
			};
			name = Release;
		};
		1F6D6FA81A2B504D002C80A9 /* Debug */ = {
			isa = XCBuildConfiguration;
			buildSettings = {
				ARCHS = "$(ARCHS_STANDARD)";
				ASSETCATALOG_COMPILER_LAUNCHIMAGE_NAME = LaunchImage;
				CLANG_CXX_LANGUAGE_STANDARD = "c++0x";
				CLANG_ENABLE_MODULES = YES;
				CODE_SIGN_IDENTITY = "";
				"CODE_SIGN_IDENTITY[sdk=iphoneos*]" = "iPhone Developer";
				CONFIGURATION_BUILD_DIR = "$(SRCROOT)/deploy/$(CONFIGURATION)$(EFFECTIVE_PLATFORM_NAME)";
				CONFIGURATION_TEMP_DIR = "$(SRCROOT)/tmp/$(CONFIGURATION)$(EFFECTIVE_PLATFORM_NAME)";
				FRAMEWORK_SEARCH_PATHS = "$(inherited)";
				GCC_C_LANGUAGE_STANDARD = c11;
				GCC_PREPROCESSOR_DEFINITIONS = (
					"DEBUG=1",
					"$(inherited)",
					__ARM_NEON__,
				);
				INFOPLIST_FILE = BRF_NXT_CPP_IOS_EXAMPLES/Info.plist;
				IPHONEOS_DEPLOYMENT_TARGET = 7.0;
				LD_RUNPATH_SEARCH_PATHS = "$(inherited)";
				LIBRARY_SEARCH_PATHS = (
					"$(inherited)",
					"$(PROJECT_DIR)/BRF_NXT_CPP_IOS_EXAMPLES",
				);
				ONLY_ACTIVE_ARCH = YES;
				PRODUCT_NAME = "$(TARGET_NAME)";
				PROVISIONING_PROFILE = "";
				TARGETED_DEVICE_FAMILY = "1,2";
				USER_HEADER_SEARCH_PATHS = "$(SRCROOT)/BRF_NXT_CPP_IOS_EXAMPLES/include $(SRCROOT)/BRF_NXT_CPP_IOS_EXAMPLES";
				VALID_ARCHS = "armv7 arm64";
				WARNING_CFLAGS = "-Wall";
			};
			name = Debug;
		};
		1F6D6FA91A2B504D002C80A9 /* Release */ = {
			isa = XCBuildConfiguration;
			buildSettings = {
				ARCHS = "$(ARCHS_STANDARD)";
				ASSETCATALOG_COMPILER_LAUNCHIMAGE_NAME = LaunchImage;
				CLANG_CXX_LANGUAGE_STANDARD = "c++0x";
				CLANG_ENABLE_MODULES = YES;
				CODE_SIGN_IDENTITY = "";
				"CODE_SIGN_IDENTITY[sdk=iphoneos*]" = "iPhone Developer";
				CONFIGURATION_BUILD_DIR = "$(SRCROOT)/deploy/$(CONFIGURATION)$(EFFECTIVE_PLATFORM_NAME)";
				CONFIGURATION_TEMP_DIR = "$(SRCROOT)/tmp/$(CONFIGURATION)$(EFFECTIVE_PLATFORM_NAME)";
				FRAMEWORK_SEARCH_PATHS = "$(inherited)";
				GCC_C_LANGUAGE_STANDARD = c11;
				GCC_PREPROCESSOR_DEFINITIONS = __ARM_NEON__;
				INFOPLIST_FILE = BRF_NXT_CPP_IOS_EXAMPLES/Info.plist;
				IPHONEOS_DEPLOYMENT_TARGET = 7.0;
				LD_RUNPATH_SEARCH_PATHS = "$(inherited)";
				LIBRARY_SEARCH_PATHS = (
					"$(inherited)",
					"$(PROJECT_DIR)/BRF_NXT_CPP_IOS_EXAMPLES",
				);
				ONLY_ACTIVE_ARCH = NO;
				PRODUCT_NAME = "$(TARGET_NAME)";
				PROVISIONING_PROFILE = "";
				TARGETED_DEVICE_FAMILY = "1,2";
				USER_HEADER_SEARCH_PATHS = "$(SRCROOT)/BRF_NXT_CPP_IOS_EXAMPLES/include $(SRCROOT)/BRF_NXT_CPP_IOS_EXAMPLES";
				VALID_ARCHS = "armv7 arm64";
				WARNING_CFLAGS = "-Wall";
			};
			name = Release;
		};
/* End XCBuildConfiguration section */

/* Begin XCConfigurationList section */
		1F6D6F7F1A2B504C002C80A9 /* Build configuration list for PBXProject "BRF_NXT_CPP_IOS_EXAMPLES" */ = {
			isa = XCConfigurationList;
			buildConfigurations = (
				1F6D6FA51A2B504D002C80A9 /* Debug */,
				1F6D6FA61A2B504D002C80A9 /* Release */,
			);
			defaultConfigurationIsVisible = 0;
			defaultConfigurationName = Release;
		};
		1F6D6FA71A2B504D002C80A9 /* Build configuration list for PBXNativeTarget "BRF_NXT_CPP_IOS_EXAMPLES" */ = {
			isa = XCConfigurationList;
			buildConfigurations = (
				1F6D6FA81A2B504D002C80A9 /* Debug */,
				1F6D6FA91A2B504D002C80A9 /* Release */,
			);
			defaultConfigurationIsVisible = 0;
			defaultConfigurationName = Release;
		};
/* End XCConfigurationList section */
	};
	rootObject = 1F6D6F7C1A2B504C002C80A9 /* Project object */;
}
